
Microsoft Visual Studio Solution File, Format Version 12.00
# Visual Studio 15
VisualStudioVersion = 15.0.28307.645
MinimumVisualStudioVersion = 10.0.40219.1
Project("{FAE04EC0-301F-11D3-BF4B-00C04F79EFBC}") = "ContactsList", "ContactsList\ContactsList.csproj", "{9E3AA564-AD2A-463C-B84E-D5AF2D863C40}"
EndProject
Global
	GlobalSection(SolutionConfigurationPlatforms) = preSolution
		Debug|Any CPU = Debug|Any CPU
		Release|Any CPU = Release|Any CPU
	EndGlobalSection
	GlobalSection(ProjectConfigurationPlatforms) = postSolution
		{9E3AA564-AD2A-463C-B84E-D5AF2D863C40}.Debug|Any CPU.ActiveCfg = Debug|Any CPU
		{9E3AA564-AD2A-463C-B84E-D5AF2D863C40}.Debug|Any CPU.Build.0 = Debug|Any CPU
		{9E3AA564-AD2A-463C-B84E-D5AF2D863C40}.Release|Any CPU.ActiveCfg = Release|Any CPU
		{9E3AA564-AD2A-463C-B84E-D5AF2D863C40}.Release|Any CPU.Build.0 = Release|Any CPU
	EndGlobalSection
	GlobalSection(SolutionProperties) = preSolution
		HideSolutionNode = FALSE
	EndGlobalSection
	GlobalSection(ExtensibilityGlobals) = postSolution
		SolutionGuid = {8822DB39-09D2-4456-876F-BA300DF10D37}
	EndGlobalSection
EndGlobal
